
Microsoft Visual Studio Solution File, Format Version 12.00
# Visual Studio 15
VisualStudioVersion = 15.0.27130.2036
MinimumVisualStudioVersion = 10.0.40219.1
Project("{FAE04EC0-301F-11D3-BF4B-00C04F79EFBC}") = "COM Ports Communication", "COM Ports Communication\COM Ports Communication.csproj", "{B5E89506-8F93-4B82-8649-C44C827F26FE}"
EndProject
Global
	GlobalSection(SolutionConfigurationPlatforms) = preSolution
		Debug|Any CPU = Debug|Any CPU
		Debug|x64 = Debug|x64
		Release|Any CPU = Release|Any CPU
		Release|x64 = Release|x64
	EndGlobalSection
	GlobalSection(ProjectConfigurationPlatforms) = postSolution
		{B5E89506-8F93-4B82-8649-C44C827F26FE}.Debug|Any CPU.ActiveCfg = Release|Any CPU
		{B5E89506-8F93-4B82-8649-C44C827F26FE}.Debug|Any CPU.Build.0 = Release|Any CPU
		{B5E89506-8F93-4B82-8649-C44C827F26FE}.Debug|x64.ActiveCfg = Debug|x64
		{B5E89506-8F93-4B82-8649-C44C827F26FE}.Debug|x64.Build.0 = Debug|x64
		{B5E89506-8F93-4B82-8649-C44C827F26FE}.Release|Any CPU.ActiveCfg = Release|Any CPU
		{B5E89506-8F93-4B82-8649-C44C827F26FE}.Release|Any CPU.Build.0 = Release|Any CPU
		{B5E89506-8F93-4B82-8649-C44C827F26FE}.Release|x64.ActiveCfg = Release|x64
		{B5E89506-8F93-4B82-8649-C44C827F26FE}.Release|x64.Build.0 = Release|x64
	EndGlobalSection
	GlobalSection(SolutionProperties) = preSolution
		HideSolutionNode = FALSE
	EndGlobalSection
	GlobalSection(ExtensibilityGlobals) = postSolution
		SolutionGuid = {1378B71F-4FA0-474F-9C11-E2C860DA0D19}
	EndGlobalSection
EndGlobal
